
Microsoft Visual Studio Solution File, Format Version 12.00
# Visual Studio Version 17
VisualStudioVersion = 17.8.34408.163
MinimumVisualStudioVersion = 10.0.40219.1
Project("{8BC9CEB8-8B4A-11D0-8D11-00A0C91BC942}") = "DrawModel", "DrawModel.vcxproj", "{A1BDD0D2-25C2-4EF7-B68F-0480FAACF543}"
EndProject
Global
	GlobalSection(SolutionConfigurationPlatforms) = preSolution
		Debug|x64 = Debug|x64
		Debug|x86 = Debug|x86
		Release|x64 = Release|x64
		Release|x86 = Release|x86
	EndGlobalSection
	GlobalSection(ProjectConfigurationPlatforms) = postSolution
		{A1BDD0D2-25C2-4EF7-B68F-0480FAACF543}.Debug|x64.ActiveCfg = Debug|x64
		{A1BDD0D2-25C2-4EF7-B68F-0480FAACF543}.Debug|x64.Build.0 = Debug|x64
		{A1BDD0D2-25C2-4EF7-B68F-0480FAACF543}.Debug|x86.ActiveCfg = Debug|Win32
		{A1BDD0D2-25C2-4EF7-B68F-0480FAACF543}.Debug|x86.Build.0 = Debug|Win32
		{A1BDD0D2-25C2-4EF7-B68F-0480FAACF543}.Release|x64.ActiveCfg = Release|x64
		{A1BDD0D2-25C2-4EF7-B68F-0480FAACF543}.Release|x64.Build.0 = Release|x64
		{A1BDD0D2-25C2-4EF7-B68F-0480FAACF543}.Release|x86.ActiveCfg = Release|Win32
		{A1BDD0D2-25C2-4EF7-B68F-0480FAACF543}.Release|x86.Build.0 = Release|Win32
	EndGlobalSection
	GlobalSection(SolutionProperties) = preSolution
		HideSolutionNode = FALSE
	EndGlobalSection
	GlobalSection(ExtensibilityGlobals) = postSolution
		SolutionGuid = {83FAA7D8-88FE-4F37-8233-D338AEB09CEF}
	EndGlobalSection
EndGlobal
